// !$*UTF8*$!
{
	archiveVersion = 1;
	classes = {
	};
	objectVersion = 46;
	objects = {

/* Begin PBXBuildFile section */
		92060B7D1B4AF17800ABE684 /* main.m in Sources */ = {isa = PBXBuildFile; fileRef = 92060B7C1B4AF17700ABE684 /* main.m */; };
		92060B801B4AF17800ABE684 /* AppDelegate.m in Sources */ = {isa = PBXBuildFile; fileRef = 92060B7F1B4AF17800ABE684 /* AppDelegate.m */; };
		92060B831B4AF17800ABE684 /* browserExtract.xcdatamodeld in Sources */ = {isa = PBXBuildFile; fileRef = 92060B811B4AF17800ABE684 /* browserExtract.xcdatamodeld */; };
		92060B8B1B4AF17800ABE684 /* Images.xcassets in Resources */ = {isa = PBXBuildFile; fileRef = 92060B8A1B4AF17800ABE684 /* Images.xcassets */; };
		92060B8E1B4AF17800ABE684 /* LaunchScreen.xib in Resources */ = {isa = PBXBuildFile; fileRef = 92060B8C1B4AF17800ABE684 /* LaunchScreen.xib */; };
		92060B9A1B4AF17800ABE684 /* browserExtractTests.m in Sources */ = {isa = PBXBuildFile; fileRef = 92060B991B4AF17800ABE684 /* browserExtractTests.m */; };
		92060BA81B4AF8DA00ABE684 /* ViewController.m in Sources */ = {isa = PBXBuildFile; fileRef = 92060BA71B4AF8DA00ABE684 /* ViewController.m */; };
		92060BB11B4C401000ABE684 /* TermCollectionViewController.m in Sources */ = {isa = PBXBuildFile; fileRef = 92060BB01B4C401000ABE684 /* TermCollectionViewController.m */; };
		92060BB41B4C403C00ABE684 /* TermCollectionViewCell.m in Sources */ = {isa = PBXBuildFile; fileRef = 92060BB31B4C403C00ABE684 /* TermCollectionViewCell.m */; };
		92060BB71B4C4CAA00ABE684 /* Main.storyboard in Resources */ = {isa = PBXBuildFile; fileRef = 92060BB51B4C4CAA00ABE684 /* Main.storyboard */; };
		927889FA1B4F3E9800D0EC9B /* HistoryTableViewController.m in Sources */ = {isa = PBXBuildFile; fileRef = 927889F91B4F3E9800D0EC9B /* HistoryTableViewController.m */; };
		927889FD1B4F402900D0EC9B /* HistoryTableViewCell.m in Sources */ = {isa = PBXBuildFile; fileRef = 927889FC1B4F402900D0EC9B /* HistoryTableViewCell.m */; };
		9288D1FA1B50021600E50735 /* brain-gears.png in Resources */ = {isa = PBXBuildFile; fileRef = 9288D1F91B50021600E50735 /* brain-gears.png */; };
		B683F6621B4ECFA500A691D8 /* QueueAdditions.m in Sources */ = {isa = PBXBuildFile; fileRef = B683F6611B4ECFA500A691D8 /* QueueAdditions.m */; };
		B683F66B1B4F0E8300A691D8 /* SearchResult.m in Sources */ = {isa = PBXBuildFile; fileRef = B683F66A1B4F0E8300A691D8 /* SearchResult.m */; };
		B683F66E1B4F0E8300A691D8 /* SearchQuery.m in Sources */ = {isa = PBXBuildFile; fileRef = B683F66D1B4F0E8300A691D8 /* SearchQuery.m */; };
/* End PBXBuildFile section */

/* Begin PBXContainerItemProxy section */
		92060B941B4AF17800ABE684 /* PBXContainerItemProxy */ = {
			isa = PBXContainerItemProxy;
			containerPortal = 92060B6F1B4AF17700ABE684 /* Project object */;
			proxyType = 1;
			remoteGlobalIDString = 92060B761B4AF17700ABE684;
			remoteInfo = browserExtract;
		};
/* End PBXContainerItemProxy section */

/* Begin PBXFileReference section */
		92060B771B4AF17700ABE684 /* Term Ticker.app */ = {isa = PBXFileReference; explicitFileType = wrapper.application; includeInIndex = 0; path = "Term Ticker.app"; sourceTree = BUILT_PRODUCTS_DIR; };
		92060B7B1B4AF17700ABE684 /* Info.plist */ = {isa = PBXFileReference; lastKnownFileType = text.plist.xml; path = Info.plist; sourceTree = "<group>"; };
		92060B7C1B4AF17700ABE684 /* main.m */ = {isa = PBXFileReference; lastKnownFileType = sourcecode.c.objc; path = main.m; sourceTree = "<group>"; };
		92060B7E1B4AF17800ABE684 /* AppDelegate.h */ = {isa = PBXFileReference; lastKnownFileType = sourcecode.c.h; path = AppDelegate.h; sourceTree = "<group>"; };
		92060B7F1B4AF17800ABE684 /* AppDelegate.m */ = {isa = PBXFileReference; lastKnownFileType = sourcecode.c.objc; path = AppDelegate.m; sourceTree = "<group>"; };
		92060B821B4AF17800ABE684 /* browserExtract.xcdatamodel */ = {isa = PBXFileReference; lastKnownFileType = wrapper.xcdatamodel; path = browserExtract.xcdatamodel; sourceTree = "<group>"; };
		92060B8A1B4AF17800ABE684 /* Images.xcassets */ = {isa = PBXFileReference; lastKnownFileType = folder.assetcatalog; path = Images.xcassets; sourceTree = "<group>"; };
		92060B8D1B4AF17800ABE684 /* Base */ = {isa = PBXFileReference; lastKnownFileType = file.xib; name = Base; path = Base.lproj/LaunchScreen.xib; sourceTree = "<group>"; };
		92060B931B4AF17800ABE684 /* browserExtractTests.xctest */ = {isa = PBXFileReference; explicitFileType = wrapper.cfbundle; includeInIndex = 0; path = browserExtractTests.xctest; sourceTree = BUILT_PRODUCTS_DIR; };
		92060B981B4AF17800ABE684 /* Info.plist */ = {isa = PBXFileReference; lastKnownFileType = text.plist.xml; path = Info.plist; sourceTree = "<group>"; };
		92060B991B4AF17800ABE684 /* browserExtractTests.m */ = {isa = PBXFileReference; lastKnownFileType = sourcecode.c.objc; path = browserExtractTests.m; sourceTree = "<group>"; };
		92060BA61B4AF8DA00ABE684 /* ViewController.h */ = {isa = PBXFileReference; fileEncoding = 4; lastKnownFileType = sourcecode.c.h; path = ViewController.h; sourceTree = "<group>"; };
		92060BA71B4AF8DA00ABE684 /* ViewController.m */ = {isa = PBXFileReference; fileEncoding = 4; lastKnownFileType = sourcecode.c.objc; path = ViewController.m; sourceTree = "<group>"; };
		92060BAF1B4C401000ABE684 /* TermCollectionViewController.h */ = {isa = PBXFileReference; fileEncoding = 4; lastKnownFileType = sourcecode.c.h; path = TermCollectionViewController.h; sourceTree = "<group>"; };
		92060BB01B4C401000ABE684 /* TermCollectionViewController.m */ = {isa = PBXFileReference; fileEncoding = 4; lastKnownFileType = sourcecode.c.objc; path = TermCollectionViewController.m; sourceTree = "<group>"; };
		92060BB21B4C403C00ABE684 /* TermCollectionViewCell.h */ = {isa = PBXFileReference; fileEncoding = 4; lastKnownFileType = sourcecode.c.h; name = TermCollectionViewCell.h; path = ../TermCollectionViewCell.h; sourceTree = "<group>"; };
		92060BB31B4C403C00ABE684 /* TermCollectionViewCell.m */ = {isa = PBXFileReference; fileEncoding = 4; lastKnownFileType = sourcecode.c.objc; name = TermCollectionViewCell.m; path = ../TermCollectionViewCell.m; sourceTree = "<group>"; };
		92060BB61B4C4CAA00ABE684 /* Base */ = {isa = PBXFileReference; lastKnownFileType = file.storyboard; name = Base; path = Base.lproj/Main.storyboard; sourceTree = "<group>"; };
		927889F81B4F3E9800D0EC9B /* HistoryTableViewController.h */ = {isa = PBXFileReference; fileEncoding = 4; lastKnownFileType = sourcecode.c.h; path = HistoryTableViewController.h; sourceTree = "<group>"; };
		927889F91B4F3E9800D0EC9B /* HistoryTableViewController.m */ = {isa = PBXFileReference; fileEncoding = 4; lastKnownFileType = sourcecode.c.objc; path = HistoryTableViewController.m; sourceTree = "<group>"; };
		927889FB1B4F402900D0EC9B /* HistoryTableViewCell.h */ = {isa = PBXFileReference; fileEncoding = 4; lastKnownFileType = sourcecode.c.h; name = HistoryTableViewCell.h; path = ../HistoryTableViewCell.h; sourceTree = "<group>"; };
		927889FC1B4F402900D0EC9B /* HistoryTableViewCell.m */ = {isa = PBXFileReference; fileEncoding = 4; lastKnownFileType = sourcecode.c.objc; name = HistoryTableViewCell.m; path = ../HistoryTableViewCell.m; sourceTree = "<group>"; };
		9288D1F91B50021600E50735 /* brain-gears.png */ = {isa = PBXFileReference; lastKnownFileType = image.png; name = "brain-gears.png"; path = "../../../Downloads/brain-gears.png"; sourceTree = "<group>"; };
		B683F6601B4ECFA500A691D8 /* QueueAdditions.h */ = {isa = PBXFileReference; fileEncoding = 4; lastKnownFileType = sourcecode.c.h; path = QueueAdditions.h; sourceTree = "<group>"; };
		B683F6611B4ECFA500A691D8 /* QueueAdditions.m */ = {isa = PBXFileReference; fileEncoding = 4; lastKnownFileType = sourcecode.c.objc; path = QueueAdditions.m; sourceTree = "<group>"; };
		B683F6691B4F0E8300A691D8 /* SearchResult.h */ = {isa = PBXFileReference; fileEncoding = 4; lastKnownFileType = sourcecode.c.h; path = SearchResult.h; sourceTree = "<group>"; };
		B683F66A1B4F0E8300A691D8 /* SearchResult.m */ = {isa = PBXFileReference; fileEncoding = 4; lastKnownFileType = sourcecode.c.objc; path = SearchResult.m; sourceTree = "<group>"; };
		B683F66C1B4F0E8300A691D8 /* SearchQuery.h */ = {isa = PBXFileReference; fileEncoding = 4; lastKnownFileType = sourcecode.c.h; path = SearchQuery.h; sourceTree = "<group>"; };
		B683F66D1B4F0E8300A691D8 /* SearchQuery.m */ = {isa = PBXFileReference; fileEncoding = 4; lastKnownFileType = sourcecode.c.objc; path = SearchQuery.m; sourceTree = "<group>"; };
/* End PBXFileReference section */

/* Begin PBXFrameworksBuildPhase section */
		92060B741B4AF17700ABE684 /* Frameworks */ = {
			isa = PBXFrameworksBuildPhase;
			buildActionMask = 2147483647;
			files = (
			);
			runOnlyForDeploymentPostprocessing = 0;
		};
		92060B901B4AF17800ABE684 /* Frameworks */ = {
			isa = PBXFrameworksBuildPhase;
			buildActionMask = 2147483647;
			files = (
			);
			runOnlyForDeploymentPostprocessing = 0;
		};
/* End PBXFrameworksBuildPhase section */

/* Begin PBXGroup section */
		92060B6E1B4AF17700ABE684 = {
			isa = PBXGroup;
			children = (
				B6694EE71B4C8F83005C02EA /* Core Data */,
				92060B791B4AF17700ABE684 /* browserExtract */,
				92060B961B4AF17800ABE684 /* browserExtractTests */,
				92060B781B4AF17700ABE684 /* Products */,
			);
			sourceTree = "<group>";
		};
		92060B781B4AF17700ABE684 /* Products */ = {
			isa = PBXGroup;
			children = (
				92060B771B4AF17700ABE684 /* Term Ticker.app */,
				92060B931B4AF17800ABE684 /* browserExtractTests.xctest */,
			);
			name = Products;
			sourceTree = "<group>";
		};
		92060B791B4AF17700ABE684 /* browserExtract */ = {
			isa = PBXGroup;
			children = (
				927889FB1B4F402900D0EC9B /* HistoryTableViewCell.h */,
				927889FC1B4F402900D0EC9B /* HistoryTableViewCell.m */,
				927889F81B4F3E9800D0EC9B /* HistoryTableViewController.h */,
				927889F91B4F3E9800D0EC9B /* HistoryTableViewController.m */,
				92060BAF1B4C401000ABE684 /* TermCollectionViewController.h */,
				92060BB01B4C401000ABE684 /* TermCollectionViewController.m */,
				B683F6601B4ECFA500A691D8 /* QueueAdditions.h */,
				B683F6611B4ECFA500A691D8 /* QueueAdditions.m */,
				92060BB21B4C403C00ABE684 /* TermCollectionViewCell.h */,
				92060BB31B4C403C00ABE684 /* TermCollectionViewCell.m */,
				92060B7E1B4AF17800ABE684 /* AppDelegate.h */,
				92060B7F1B4AF17800ABE684 /* AppDelegate.m */,
				92060BA61B4AF8DA00ABE684 /* ViewController.h */,
				92060BA71B4AF8DA00ABE684 /* ViewController.m */,
				92060BB51B4C4CAA00ABE684 /* Main.storyboard */,
				92060B8C1B4AF17800ABE684 /* LaunchScreen.xib */,
				92060B8A1B4AF17800ABE684 /* Images.xcassets */,
				9288D1F91B50021600E50735 /* brain-gears.png */,
				92060B7A1B4AF17700ABE684 /* Supporting Files */,
			);
			path = browserExtract;
			sourceTree = "<group>";
		};
		92060B7A1B4AF17700ABE684 /* Supporting Files */ = {
			isa = PBXGroup;
			children = (
				92060B7B1B4AF17700ABE684 /* Info.plist */,
				92060B7C1B4AF17700ABE684 /* main.m */,
			);
			name = "Supporting Files";
			sourceTree = "<group>";
		};
		92060B961B4AF17800ABE684 /* browserExtractTests */ = {
			isa = PBXGroup;
			children = (
				92060B991B4AF17800ABE684 /* browserExtractTests.m */,
				92060B971B4AF17800ABE684 /* Supporting Files */,
			);
			path = browserExtractTests;
			sourceTree = "<group>";
		};
		92060B971B4AF17800ABE684 /* Supporting Files */ = {
			isa = PBXGroup;
			children = (
				92060B981B4AF17800ABE684 /* Info.plist */,
			);
			name = "Supporting Files";
			sourceTree = "<group>";
		};
		B6694EE71B4C8F83005C02EA /* Core Data */ = {
			isa = PBXGroup;
			children = (
				B683F66C1B4F0E8300A691D8 /* SearchQuery.h */,
				B683F66D1B4F0E8300A691D8 /* SearchQuery.m */,
				B683F6691B4F0E8300A691D8 /* SearchResult.h */,
				B683F66A1B4F0E8300A691D8 /* SearchResult.m */,
				92060B811B4AF17800ABE684 /* browserExtract.xcdatamodeld */,
			);
			name = "Core Data";
			sourceTree = "<group>";
		};
/* End PBXGroup section */

/* Begin PBXNativeTarget section */
		92060B761B4AF17700ABE684 /* Term Ticker */ = {
			isa = PBXNativeTarget;
			buildConfigurationList = 92060B9D1B4AF17800ABE684 /* Build configuration list for PBXNativeTarget "Term Ticker" */;
			buildPhases = (
				92060B731B4AF17700ABE684 /* Sources */,
				92060B741B4AF17700ABE684 /* Frameworks */,
				92060B751B4AF17700ABE684 /* Resources */,
			);
			buildRules = (
			);
			dependencies = (
			);
			name = "Term Ticker";
			productName = browserExtract;
			productReference = 92060B771B4AF17700ABE684 /* Term Ticker.app */;
			productType = "com.apple.product-type.application";
		};
		92060B921B4AF17800ABE684 /* browserExtractTests */ = {
			isa = PBXNativeTarget;
			buildConfigurationList = 92060BA01B4AF17800ABE684 /* Build configuration list for PBXNativeTarget "browserExtractTests" */;
			buildPhases = (
				92060B8F1B4AF17800ABE684 /* Sources */,
				92060B901B4AF17800ABE684 /* Frameworks */,
				92060B911B4AF17800ABE684 /* Resources */,
			);
			buildRules = (
			);
			dependencies = (
				92060B951B4AF17800ABE684 /* PBXTargetDependency */,
			);
			name = browserExtractTests;
			productName = browserExtractTests;
			productReference = 92060B931B4AF17800ABE684 /* browserExtractTests.xctest */;
			productType = "com.apple.product-type.bundle.unit-test";
		};
/* End PBXNativeTarget section */

/* Begin PBXProject section */
		92060B6F1B4AF17700ABE684 /* Project object */ = {
			isa = PBXProject;
			attributes = {
				LastUpgradeCheck = 0640;
				ORGANIZATIONNAME = "Navaneethan Sivabalaviknarajah";
				TargetAttributes = {
					92060B761B4AF17700ABE684 = {
						CreatedOnToolsVersion = 6.4;
					};
					92060B921B4AF17800ABE684 = {
						CreatedOnToolsVersion = 6.4;
						TestTargetID = 92060B761B4AF17700ABE684;
					};
				};
			};
			buildConfigurationList = 92060B721B4AF17700ABE684 /* Build configuration list for PBXProject "browserExtract" */;
			compatibilityVersion = "Xcode 3.2";
			developmentRegion = English;
			hasScannedForEncodings = 0;
			knownRegions = (
				en,
				Base,
			);
			mainGroup = 92060B6E1B4AF17700ABE684;
			productRefGroup = 92060B781B4AF17700ABE684 /* Products */;
			projectDirPath = "";
			projectRoot = "";
			targets = (
				92060B761B4AF17700ABE684 /* Term Ticker */,
				92060B921B4AF17800ABE684 /* browserExtractTests */,
			);
		};
/* End PBXProject section */

/* Begin PBXResourcesBuildPhase section */
		92060B751B4AF17700ABE684 /* Resources */ = {
			isa = PBXResourcesBuildPhase;
			buildActionMask = 2147483647;
			files = (
				92060BB71B4C4CAA00ABE684 /* Main.storyboard in Resources */,
				9288D1FA1B50021600E50735 /* brain-gears.png in Resources */,
				92060B8E1B4AF17800ABE684 /* LaunchScreen.xib in Resources */,
				92060B8B1B4AF17800ABE684 /* Images.xcassets in Resources */,
			);
			runOnlyForDeploymentPostprocessing = 0;
		};
		92060B911B4AF17800ABE684 /* Resources */ = {
			isa = PBXResourcesBuildPhase;
			buildActionMask = 2147483647;
			files = (
			);
			runOnlyForDeploymentPostprocessing = 0;
		};
/* End PBXResourcesBuildPhase section */

/* Begin PBXSourcesBuildPhase section */
		92060B731B4AF17700ABE684 /* Sources */ = {
			isa = PBXSourcesBuildPhase;
			buildActionMask = 2147483647;
			files = (
				92060BB11B4C401000ABE684 /* TermCollectionViewController.m in Sources */,
				92060BB41B4C403C00ABE684 /* TermCollectionViewCell.m in Sources */,
				92060B801B4AF17800ABE684 /* AppDelegate.m in Sources */,
				927889FD1B4F402900D0EC9B /* HistoryTableViewCell.m in Sources */,
				92060B831B4AF17800ABE684 /* browserExtract.xcdatamodeld in Sources */,
				927889FA1B4F3E9800D0EC9B /* HistoryTableViewController.m in Sources */,
				92060B7D1B4AF17800ABE684 /* main.m in Sources */,
				92060BA81B4AF8DA00ABE684 /* ViewController.m in Sources */,
				B683F66B1B4F0E8300A691D8 /* SearchResult.m in Sources */,
				B683F6621B4ECFA500A691D8 /* QueueAdditions.m in Sources */,
				B683F66E1B4F0E8300A691D8 /* SearchQuery.m in Sources */,
			);
			runOnlyForDeploymentPostprocessing = 0;
		};
		92060B8F1B4AF17800ABE684 /* Sources */ = {
			isa = PBXSourcesBuildPhase;
			buildActionMask = 2147483647;
			files = (
				92060B9A1B4AF17800ABE684 /* browserExtractTests.m in Sources */,
			);
			runOnlyForDeploymentPostprocessing = 0;
		};
/* End PBXSourcesBuildPhase section */

/* Begin PBXTargetDependency section */
		92060B951B4AF17800ABE684 /* PBXTargetDependency */ = {
			isa = PBXTargetDependency;
			target = 92060B761B4AF17700ABE684 /* Term Ticker */;
			targetProxy = 92060B941B4AF17800ABE684 /* PBXContainerItemProxy */;
		};
/* End PBXTargetDependency section */

/* Begin PBXVariantGroup section */
		92060B8C1B4AF17800ABE684 /* LaunchScreen.xib */ = {
			isa = PBXVariantGroup;
			children = (
				92060B8D1B4AF17800ABE684 /* Base */,
			);
			name = LaunchScreen.xib;
			sourceTree = "<group>";
		};
		92060BB51B4C4CAA00ABE684 /* Main.storyboard */ = {
			isa = PBXVariantGroup;
			children = (
				92060BB61B4C4CAA00ABE684 /* Base */,
			);
			name = Main.storyboard;
			sourceTree = "<group>";
		};
/* End PBXVariantGroup section */

/* Begin XCBuildConfiguration section */
		92060B9B1B4AF17800ABE684 /* Debug */ = {
			isa = XCBuildConfiguration;
			buildSettings = {
				ALWAYS_SEARCH_USER_PATHS = NO;
				CLANG_CXX_LANGUAGE_STANDARD = "gnu++0x";
				CLANG_CXX_LIBRARY = "libc++";
				CLANG_ENABLE_MODULES = YES;
				CLANG_ENABLE_OBJC_ARC = YES;
				CLANG_WARN_BOOL_CONVERSION = YES;
				CLANG_WARN_CONSTANT_CONVERSION = YES;
				CLANG_WARN_DIRECT_OBJC_ISA_USAGE = YES_ERROR;
				CLANG_WARN_EMPTY_BODY = YES;
				CLANG_WARN_ENUM_CONVERSION = YES;
				CLANG_WARN_INT_CONVERSION = YES;
				CLANG_WARN_OBJC_ROOT_CLASS = YES_ERROR;
				CLANG_WARN_UNREACHABLE_CODE = YES;
				CLANG_WARN__DUPLICATE_METHOD_MATCH = YES;
				"CODE_SIGN_IDENTITY[sdk=iphoneos*]" = "iPhone Developer";
				COPY_PHASE_STRIP = NO;
				DEBUG_INFORMATION_FORMAT = "dwarf-with-dsym";
				ENABLE_STRICT_OBJC_MSGSEND = YES;
				GCC_C_LANGUAGE_STANDARD = gnu99;
				GCC_DYNAMIC_NO_PIC = NO;
				GCC_NO_COMMON_BLOCKS = YES;
				GCC_OPTIMIZATION_LEVEL = 0;
				GCC_PREPROCESSOR_DEFINITIONS = (
					"DEBUG=1",
					"$(inherited)",
				);
				GCC_SYMBOLS_PRIVATE_EXTERN = NO;
				GCC_WARN_64_TO_32_BIT_CONVERSION = YES;
				GCC_WARN_ABOUT_RETURN_TYPE = YES_ERROR;
				GCC_WARN_UNDECLARED_SELECTOR = YES;
				GCC_WARN_UNINITIALIZED_AUTOS = YES_AGGRESSIVE;
				GCC_WARN_UNUSED_FUNCTION = YES;
				GCC_WARN_UNUSED_VARIABLE = YES;
				IPHONEOS_DEPLOYMENT_TARGET = 8.4;
				MTL_ENABLE_DEBUG_INFO = YES;
				ONLY_ACTIVE_ARCH = YES;
				SDKROOT = iphoneos;
			};
			name = Debug;
		};
		92060B9C1B4AF17800ABE684 /* Release */ = {
			isa = XCBuildConfiguration;
			buildSettings = {
				ALWAYS_SEARCH_USER_PATHS = NO;
				CLANG_CXX_LANGUAGE_STANDARD = "gnu++0x";
				CLANG_CXX_LIBRARY = "libc++";
				CLANG_ENABLE_MODULES = YES;
				CLANG_ENABLE_OBJC_ARC = YES;
				CLANG_WARN_BOOL_CONVERSION = YES;
				CLANG_WARN_CONSTANT_CONVERSION = YES;
				CLANG_WARN_DIRECT_OBJC_ISA_USAGE = YES_ERROR;
				CLANG_WARN_EMPTY_BODY = YES;
				CLANG_WARN_ENUM_CONVERSION = YES;
				CLANG_WARN_INT_CONVERSION = YES;
				CLANG_WARN_OBJC_ROOT_CLASS = YES_ERROR;
				CLANG_WARN_UNREACHABLE_CODE = YES;
				CLANG_WARN__DUPLICATE_METHOD_MATCH = YES;
				"CODE_SIGN_IDENTITY[sdk=iphoneos*]" = "iPhone Developer";
				COPY_PHASE_STRIP = NO;
				DEBUG_INFORMATION_FORMAT = "dwarf-with-dsym";
				ENABLE_NS_ASSERTIONS = NO;
				ENABLE_STRICT_OBJC_MSGSEND = YES;
				GCC_C_LANGUAGE_STANDARD = gnu99;
				GCC_NO_COMMON_BLOCKS = YES;
				GCC_WARN_64_TO_32_BIT_CONVERSION = YES;
				GCC_WARN_ABOUT_RETURN_TYPE = YES_ERROR;
				GCC_WARN_UNDECLARED_SELECTOR = YES;
				GCC_WARN_UNINITIALIZED_AUTOS = YES_AGGRESSIVE;
				GCC_WARN_UNUSED_FUNCTION = YES;
				GCC_WARN_UNUSED_VARIABLE = YES;
				IPHONEOS_DEPLOYMENT_TARGET = 8.4;
				MTL_ENABLE_DEBUG_INFO = NO;
				SDKROOT = iphoneos;
				VALIDATE_PRODUCT = YES;
			};
			name = Release;
		};
		92060B9E1B4AF17800ABE684 /* Debug */ = {
			isa = XCBuildConfiguration;
			buildSettings = {
				ASSETCATALOG_COMPILER_APPICON_NAME = AppIcon;
				INFOPLIST_FILE = browserExtract/Info.plist;
				IPHONEOS_DEPLOYMENT_TARGET = 8.3;
				LD_RUNPATH_SEARCH_PATHS = "$(inherited) @executable_path/Frameworks";
				PRODUCT_NAME = "$(TARGET_NAME)";
			};
			name = Debug;
		};
		92060B9F1B4AF17800ABE684 /* Release */ = {
			isa = XCBuildConfiguration;
			buildSettings = {
				ASSETCATALOG_COMPILER_APPICON_NAME = AppIcon;
				INFOPLIST_FILE = browserExtract/Info.plist;
				IPHONEOS_DEPLOYMENT_TARGET = 8.3;
				LD_RUNPATH_SEARCH_PATHS = "$(inherited) @executable_path/Frameworks";
				PRODUCT_NAME = "$(TARGET_NAME)";
			};
			name = Release;
		};
		92060BA11B4AF17800ABE684 /* Debug */ = {
			isa = XCBuildConfiguration;
			buildSettings = {
				BUNDLE_LOADER = "$(TEST_HOST)";
				FRAMEWORK_SEARCH_PATHS = (
					"$(SDKROOT)/Developer/Library/Frameworks",
					"$(inherited)",
				);
				GCC_PREPROCESSOR_DEFINITIONS = (
					"DEBUG=1",
					"$(inherited)",
				);
				INFOPLIST_FILE = browserExtractTests/Info.plist;
				LD_RUNPATH_SEARCH_PATHS = "$(inherited) @executable_path/Frameworks @loader_path/Frameworks";
				PRODUCT_NAME = "$(TARGET_NAME)";
				TEST_HOST = "$(BUILT_PRODUCTS_DIR)/browserExtract.app/browserExtract";
			};
			name = Debug;
		};
		92060BA21B4AF17800ABE684 /* Release */ = {
			isa = XCBuildConfiguration;
			buildSettings = {
				BUNDLE_LOADER = "$(TEST_HOST)";
				FRAMEWORK_SEARCH_PATHS = (
					"$(SDKROOT)/Developer/Library/Frameworks",
					"$(inherited)",
				);
				INFOPLIST_FILE = browserExtractTests/Info.plist;
				LD_RUNPATH_SEARCH_PATHS = "$(inherited) @executable_path/Frameworks @loader_path/Frameworks";
				PRODUCT_NAME = "$(TARGET_NAME)";
				TEST_HOST = "$(BUILT_PRODUCTS_DIR)/browserExtract.app/browserExtract";
			};
			name = Release;
		};
/* End XCBuildConfiguration section */

/* Begin XCConfigurationList section */
		92060B721B4AF17700ABE684 /* Build configuration list for PBXProject "browserExtract" */ = {
			isa = XCConfigurationList;
			buildConfigurations = (
				92060B9B1B4AF17800ABE684 /* Debug */,
				92060B9C1B4AF17800ABE684 /* Release */,
			);
			defaultConfigurationIsVisible = 0;
			defaultConfigurationName = Release;
		};
		92060B9D1B4AF17800ABE684 /* Build configuration list for PBXNativeTarget "Term Ticker" */ = {
			isa = XCConfigurationList;
			buildConfigurations = (
				92060B9E1B4AF17800ABE684 /* Debug */,
				92060B9F1B4AF17800ABE684 /* Release */,
			);
			defaultConfigurationIsVisible = 0;
			defaultConfigurationName = Release;
		};
		92060BA01B4AF17800ABE684 /* Build configuration list for PBXNativeTarget "browserExtractTests" */ = {
			isa = XCConfigurationList;
			buildConfigurations = (
				92060BA11B4AF17800ABE684 /* Debug */,
				92060BA21B4AF17800ABE684 /* Release */,
			);
			defaultConfigurationIsVisible = 0;
			defaultConfigurationName = Release;
		};
/* End XCConfigurationList section */

/* Begin XCVersionGroup section */
		92060B811B4AF17800ABE684 /* browserExtract.xcdatamodeld */ = {
			isa = XCVersionGroup;
			children = (
				92060B821B4AF17800ABE684 /* browserExtract.xcdatamodel */,
			);
			currentVersion = 92060B821B4AF17800ABE684 /* browserExtract.xcdatamodel */;
			name = browserExtract.xcdatamodeld;
			path = browserExtract/browserExtract.xcdatamodeld;
			sourceTree = "<group>";
			versionGroupType = wrapper.xcdatamodel;
		};
/* End XCVersionGroup section */
	};
	rootObject = 92060B6F1B4AF17700ABE684 /* Project object */;
}
